{
  "name": "mipp",
  "version": "1.3.1",
  "lockfileVersion": 1,
  "requires": true,
  "dependencies": {
    "@types/node": {
      "version": "14.14.11",
      "resolved": "https://registry.npmjs.org/@types/node/-/node-14.14.11.tgz",
      "integrity": "sha512-BJ97wAUuU3NUiUCp44xzUFquQEvnk1wu7q4CMEUYKJWjdkr0YWYDsm4RFtAvxYsNjLsKcrFt6RvK8r+mnzMbEQ=="
    },
    "typescript": {
      "version": "4.1.2",
      "resolved": "https://registry.npmjs.org/typescript/-/typescript-4.1.2.tgz",
      "integrity": "sha512-thGloWsGH3SOxv1SoY7QojKi0tc+8FnOmiarEGMbd/lar7QOEd3hvlx3Fp5y6FlDUGl9L+pd4n2e+oToGMmhRQ==",
      "dev": true
    },
    "weapp-api-typings": {
      "version": "1.1.4",
      "resolved": "https://registry.npmjs.org/weapp-api-typings/-/weapp-api-typings-1.1.4.tgz",
      "integrity": "sha512-uWyj0ri88leHcsknFnCcU+997aBKBzTo5hG5FNrgE2K6+6f4k66r9wkLO2z4661DQ7JZ2ZLsOmpeAoBzqnrbMw=="
    }
  }
}
